
Microsoft Visual Studio Solution File, Format Version 12.00
# Visual Studio Version 16
VisualStudioVersion = 16.0.29424.173
MinimumVisualStudioVersion = 10.0.40219.1
Project("{FAE04EC0-301F-11D3-BF4B-00C04F79EFBC}") = "UnitTestingDemo", "UnitTestingDemo.csproj", "{24554C49-9F96-428B-94C5-C1BF5A2CDF24}"
EndProject
Project("{FAE04EC0-301F-11D3-BF4B-00C04F79EFBC}") = "XUnitTestDemo", "..\XUnitTestDemo\XUnitTestDemo.csproj", "{A6EEC4B1-20DE-4209-9CA0-AC2FA371D95E}"
EndProject
Global
	GlobalSection(SolutionConfigurationPlatforms) = preSolution
		Debug|Any CPU = Debug|Any CPU
		Release|Any CPU = Release|Any CPU
	EndGlobalSection
	GlobalSection(ProjectConfigurationPlatforms) = postSolution
		{24554C49-9F96-428B-94C5-C1BF5A2CDF24}.Debug|Any CPU.ActiveCfg = Debug|Any CPU
		{24554C49-9F96-428B-94C5-C1BF5A2CDF24}.Debug|Any CPU.Build.0 = Debug|Any CPU
		{24554C49-9F96-428B-94C5-C1BF5A2CDF24}.Release|Any CPU.ActiveCfg = Release|Any CPU
		{24554C49-9F96-428B-94C5-C1BF5A2CDF24}.Release|Any CPU.Build.0 = Release|Any CPU
		{A6EEC4B1-20DE-4209-9CA0-AC2FA371D95E}.Debug|Any CPU.ActiveCfg = Debug|Any CPU
		{A6EEC4B1-20DE-4209-9CA0-AC2FA371D95E}.Debug|Any CPU.Build.0 = Debug|Any CPU
		{A6EEC4B1-20DE-4209-9CA0-AC2FA371D95E}.Release|Any CPU.ActiveCfg = Release|Any CPU
		{A6EEC4B1-20DE-4209-9CA0-AC2FA371D95E}.Release|Any CPU.Build.0 = Release|Any CPU
	EndGlobalSection
	GlobalSection(SolutionProperties) = preSolution
		HideSolutionNode = FALSE
	EndGlobalSection
	GlobalSection(ExtensibilityGlobals) = postSolution
		SolutionGuid = {84BDEEFF-B215-4367-AB50-9071AC50FF6C}
	EndGlobalSection
EndGlobal
